
Microsoft Visual Studio Solution File, Format Version 12.00
# Visual Studio 15
VisualStudioVersion = 15.0.28307.271
MinimumVisualStudioVersion = 10.0.40219.1
Project("{FAE04EC0-301F-11D3-BF4B-00C04F79EFBC}") = "02 - Business Logic Layer", "02 - Business Logic Layer\02 - Business Logic Layer.csproj", "{15619B2F-93BA-4E7A-9FF6-6E3ACCC50C3D}"
EndProject
Project("{FAE04EC0-301F-11D3-BF4B-00C04F79EFBC}") = "03 - Web API", "03 - Web API\03 - Web API.csproj", "{531EE458-E94A-40D4-AAD8-908FE0343923}"
EndProject
Project("{FAE04EC0-301F-11D3-BF4B-00C04F79EFBC}") = "01 - Data Access Layer", "01 - Data Access Layer\01 - Data Access Layer.csproj", "{93B3D2B2-76C2-4476-B871-CD2F0614690E}"
EndProject
Global
	GlobalSection(SolutionConfigurationPlatforms) = preSolution
		Debug|Any CPU = Debug|Any CPU
		Release|Any CPU = Release|Any CPU
	EndGlobalSection
	GlobalSection(ProjectConfigurationPlatforms) = postSolution
		{15619B2F-93BA-4E7A-9FF6-6E3ACCC50C3D}.Debug|Any CPU.ActiveCfg = Debug|Any CPU
		{15619B2F-93BA-4E7A-9FF6-6E3ACCC50C3D}.Debug|Any CPU.Build.0 = Debug|Any CPU
		{15619B2F-93BA-4E7A-9FF6-6E3ACCC50C3D}.Release|Any CPU.ActiveCfg = Release|Any CPU
		{15619B2F-93BA-4E7A-9FF6-6E3ACCC50C3D}.Release|Any CPU.Build.0 = Release|Any CPU
		{531EE458-E94A-40D4-AAD8-908FE0343923}.Debug|Any CPU.ActiveCfg = Debug|Any CPU
		{531EE458-E94A-40D4-AAD8-908FE0343923}.Debug|Any CPU.Build.0 = Debug|Any CPU
		{531EE458-E94A-40D4-AAD8-908FE0343923}.Release|Any CPU.ActiveCfg = Release|Any CPU
		{531EE458-E94A-40D4-AAD8-908FE0343923}.Release|Any CPU.Build.0 = Release|Any CPU
		{93B3D2B2-76C2-4476-B871-CD2F0614690E}.Debug|Any CPU.ActiveCfg = Debug|Any CPU
		{93B3D2B2-76C2-4476-B871-CD2F0614690E}.Debug|Any CPU.Build.0 = Debug|Any CPU
		{93B3D2B2-76C2-4476-B871-CD2F0614690E}.Release|Any CPU.ActiveCfg = Release|Any CPU
		{93B3D2B2-76C2-4476-B871-CD2F0614690E}.Release|Any CPU.Build.0 = Release|Any CPU
	EndGlobalSection
	GlobalSection(SolutionProperties) = preSolution
		HideSolutionNode = FALSE
	EndGlobalSection
	GlobalSection(ExtensibilityGlobals) = postSolution
		SolutionGuid = {C58F91FF-59C8-41F2-99A7-57B629A329AD}
	EndGlobalSection
EndGlobal
